
Microsoft Visual Studio Solution File, Format Version 12.00
# Visual Studio 15
VisualStudioVersion = 15.0.27703.2042
MinimumVisualStudioVersion = 10.0.40219.1
Project("{9A19103F-16F7-4668-BE54-9A1E7A4F7556}") = "Google_Keep", "Google_Keep\Google_Keep.csproj", "{E468B11B-8B53-4510-AD6E-C3310A77039E}"
EndProject
Project("{9A19103F-16F7-4668-BE54-9A1E7A4F7556}") = "Google_keepTests", "Google_keepTests\Google_keepTests.csproj", "{25890A06-F16C-45E1-B2CF-23FC7C6561A9}"
EndProject
Project("{9A19103F-16F7-4668-BE54-9A1E7A4F7556}") = "IntegratedTest.test", "IntegratedTest.test\IntegratedTest.test.csproj", "{B7D5AAF8-6F0A-4369-99DF-AC83D420F7F9}"
EndProject
Project("{2150E333-8FDC-42A3-9474-1A3956D46DE8}") = "Services", "Services", "{0638934F-14D6-4C20-88CE-569D8AB8444F}"
	ProjectSection(SolutionItems) = preProject
		Services.cs = Services.cs
	EndProjectSection
EndProject
Global
	GlobalSection(SolutionConfigurationPlatforms) = preSolution
		Debug|Any CPU = Debug|Any CPU
		Release|Any CPU = Release|Any CPU
	EndGlobalSection
	GlobalSection(ProjectConfigurationPlatforms) = postSolution
		{E468B11B-8B53-4510-AD6E-C3310A77039E}.Debug|Any CPU.ActiveCfg = Debug|Any CPU
		{E468B11B-8B53-4510-AD6E-C3310A77039E}.Debug|Any CPU.Build.0 = Debug|Any CPU
		{E468B11B-8B53-4510-AD6E-C3310A77039E}.Release|Any CPU.ActiveCfg = Release|Any CPU
		{E468B11B-8B53-4510-AD6E-C3310A77039E}.Release|Any CPU.Build.0 = Release|Any CPU
		{25890A06-F16C-45E1-B2CF-23FC7C6561A9}.Debug|Any CPU.ActiveCfg = Debug|Any CPU
		{25890A06-F16C-45E1-B2CF-23FC7C6561A9}.Debug|Any CPU.Build.0 = Debug|Any CPU
		{25890A06-F16C-45E1-B2CF-23FC7C6561A9}.Release|Any CPU.ActiveCfg = Release|Any CPU
		{25890A06-F16C-45E1-B2CF-23FC7C6561A9}.Release|Any CPU.Build.0 = Release|Any CPU
		{B7D5AAF8-6F0A-4369-99DF-AC83D420F7F9}.Debug|Any CPU.ActiveCfg = Debug|Any CPU
		{B7D5AAF8-6F0A-4369-99DF-AC83D420F7F9}.Debug|Any CPU.Build.0 = Debug|Any CPU
		{B7D5AAF8-6F0A-4369-99DF-AC83D420F7F9}.Release|Any CPU.ActiveCfg = Release|Any CPU
		{B7D5AAF8-6F0A-4369-99DF-AC83D420F7F9}.Release|Any CPU.Build.0 = Release|Any CPU
	EndGlobalSection
	GlobalSection(SolutionProperties) = preSolution
		HideSolutionNode = FALSE
	EndGlobalSection
	GlobalSection(ExtensibilityGlobals) = postSolution
		SolutionGuid = {9F4A2493-90E9-45DB-8B1A-DCED0C80687C}
	EndGlobalSection
EndGlobal
