
Microsoft Visual Studio Solution File, Format Version 12.00
# Visual Studio 15
VisualStudioVersion = 15.0.27703.2042
MinimumVisualStudioVersion = 10.0.40219.1
Project("{FAE04EC0-301F-11D3-BF4B-00C04F79EFBC}") = "WebApplication1", "WebApplication1\WebApplication1.csproj", "{DADC5478-4AF2-42EF-ACF6-B51488BD3C6D}"
EndProject
Global
	GlobalSection(SolutionConfigurationPlatforms) = preSolution
		Debug|Any CPU = Debug|Any CPU
		Release|Any CPU = Release|Any CPU
	EndGlobalSection
	GlobalSection(ProjectConfigurationPlatforms) = postSolution
		{DADC5478-4AF2-42EF-ACF6-B51488BD3C6D}.Debug|Any CPU.ActiveCfg = Debug|Any CPU
		{DADC5478-4AF2-42EF-ACF6-B51488BD3C6D}.Debug|Any CPU.Build.0 = Debug|Any CPU
		{DADC5478-4AF2-42EF-ACF6-B51488BD3C6D}.Release|Any CPU.ActiveCfg = Release|Any CPU
		{DADC5478-4AF2-42EF-ACF6-B51488BD3C6D}.Release|Any CPU.Build.0 = Release|Any CPU
	EndGlobalSection
	GlobalSection(SolutionProperties) = preSolution
		HideSolutionNode = FALSE
	EndGlobalSection
	GlobalSection(ExtensibilityGlobals) = postSolution
		SolutionGuid = {0D7A140A-61DF-4BFA-801C-573AC7AD636C}
	EndGlobalSection
EndGlobal
